// !$*UTF8*$!
{
	archiveVersion = 1;
	classes = {
	};
	objectVersion = 50;
	objects = {

/* Begin PBXBuildFile section */
		44641B9526A0F9D000577675 /* TableViewController.swift in Sources */ = {isa = PBXBuildFile; fileRef = 44641B9426A0F9D000577675 /* TableViewController.swift */; };
		4497F69C269E4B7F000A7232 /* AppDelegate.swift in Sources */ = {isa = PBXBuildFile; fileRef = 4497F69B269E4B7F000A7232 /* AppDelegate.swift */; };
		4497F69E269E4B7F000A7232 /* SceneDelegate.swift in Sources */ = {isa = PBXBuildFile; fileRef = 4497F69D269E4B7F000A7232 /* SceneDelegate.swift */; };
		4497F6A0269E4B7F000A7232 /* ViewController.swift in Sources */ = {isa = PBXBuildFile; fileRef = 4497F69F269E4B7F000A7232 /* ViewController.swift */; };
		4497F6A3269E4B7F000A7232 /* Main.storyboard in Resources */ = {isa = PBXBuildFile; fileRef = 4497F6A1269E4B7F000A7232 /* Main.storyboard */; };
		4497F6A5269E4B80000A7232 /* Assets.xcassets in Resources */ = {isa = PBXBuildFile; fileRef = 4497F6A4269E4B80000A7232 /* Assets.xcassets */; };
		4497F6A8269E4B80000A7232 /* LaunchScreen.storyboard in Resources */ = {isa = PBXBuildFile; fileRef = 4497F6A6269E4B80000A7232 /* LaunchScreen.storyboard */; };
		4497F6B6269E4CDE000A7232 /* Media.xcassets in Resources */ = {isa = PBXBuildFile; fileRef = 4497F6B5269E4CDE000A7232 /* Media.xcassets */; };
		4497F6B8269E4CDE000A7232 /* ActionViewController.swift in Sources */ = {isa = PBXBuildFile; fileRef = 4497F6B7269E4CDE000A7232 /* ActionViewController.swift */; };
		4497F6BB269E4CDE000A7232 /* MainInterface.storyboard in Resources */ = {isa = PBXBuildFile; fileRef = 4497F6B9269E4CDE000A7232 /* MainInterface.storyboard */; };
		4497F6BF269E4CDE000A7232 /* Extension.appex in Embed App Extensions */ = {isa = PBXBuildFile; fileRef = 4497F6B3269E4CDE000A7232 /* Extension.appex */; settings = {ATTRIBUTES = (RemoveHeadersOnCopy, ); }; };
		4497F6C5269E517E000A7232 /* Action.js in Resources */ = {isa = PBXBuildFile; fileRef = 4497F6C4269E517E000A7232 /* Action.js */; };
/* End PBXBuildFile section */

/* Begin PBXContainerItemProxy section */
		4497F6BD269E4CDE000A7232 /* PBXContainerItemProxy */ = {
			isa = PBXContainerItemProxy;
			containerPortal = 4497F690269E4B7F000A7232 /* Project object */;
			proxyType = 1;
			remoteGlobalIDString = 4497F6B2269E4CDE000A7232;
			remoteInfo = Extension;
		};
/* End PBXContainerItemProxy section */

/* Begin PBXCopyFilesBuildPhase section */
		4497F6C3269E4CDE000A7232 /* Embed App Extensions */ = {
			isa = PBXCopyFilesBuildPhase;
			buildActionMask = 2147483647;
			dstPath = "";
			dstSubfolderSpec = 13;
			files = (
				4497F6BF269E4CDE000A7232 /* Extension.appex in Embed App Extensions */,
			);
			name = "Embed App Extensions";
			runOnlyForDeploymentPostprocessing = 0;
		};
/* End PBXCopyFilesBuildPhase section */

/* Begin PBXFileReference section */
		44641B9426A0F9D000577675 /* TableViewController.swift */ = {isa = PBXFileReference; lastKnownFileType = sourcecode.swift; path = TableViewController.swift; sourceTree = "<group>"; };
		4497F698269E4B7F000A7232 /* Project19.app */ = {isa = PBXFileReference; explicitFileType = wrapper.application; includeInIndex = 0; path = Project19.app; sourceTree = BUILT_PRODUCTS_DIR; };
		4497F69B269E4B7F000A7232 /* AppDelegate.swift */ = {isa = PBXFileReference; lastKnownFileType = sourcecode.swift; path = AppDelegate.swift; sourceTree = "<group>"; };
		4497F69D269E4B7F000A7232 /* SceneDelegate.swift */ = {isa = PBXFileReference; lastKnownFileType = sourcecode.swift; path = SceneDelegate.swift; sourceTree = "<group>"; };
		4497F69F269E4B7F000A7232 /* ViewController.swift */ = {isa = PBXFileReference; lastKnownFileType = sourcecode.swift; path = ViewController.swift; sourceTree = "<group>"; };
		4497F6A2269E4B7F000A7232 /* Base */ = {isa = PBXFileReference; lastKnownFileType = file.storyboard; name = Base; path = Base.lproj/Main.storyboard; sourceTree = "<group>"; };
		4497F6A4269E4B80000A7232 /* Assets.xcassets */ = {isa = PBXFileReference; lastKnownFileType = folder.assetcatalog; path = Assets.xcassets; sourceTree = "<group>"; };
		4497F6A7269E4B80000A7232 /* Base */ = {isa = PBXFileReference; lastKnownFileType = file.storyboard; name = Base; path = Base.lproj/LaunchScreen.storyboard; sourceTree = "<group>"; };
		4497F6A9269E4B80000A7232 /* Info.plist */ = {isa = PBXFileReference; lastKnownFileType = text.plist.xml; path = Info.plist; sourceTree = "<group>"; };
		4497F6B3269E4CDE000A7232 /* Extension.appex */ = {isa = PBXFileReference; explicitFileType = "wrapper.app-extension"; includeInIndex = 0; path = Extension.appex; sourceTree = BUILT_PRODUCTS_DIR; };
		4497F6B5269E4CDE000A7232 /* Media.xcassets */ = {isa = PBXFileReference; lastKnownFileType = folder.assetcatalog; path = Media.xcassets; sourceTree = "<group>"; };
		4497F6B7269E4CDE000A7232 /* ActionViewController.swift */ = {isa = PBXFileReference; lastKnownFileType = sourcecode.swift; path = ActionViewController.swift; sourceTree = "<group>"; };
		4497F6BA269E4CDE000A7232 /* Base */ = {isa = PBXFileReference; lastKnownFileType = file.storyboard; name = Base; path = Base.lproj/MainInterface.storyboard; sourceTree = "<group>"; };
		4497F6BC269E4CDE000A7232 /* Info.plist */ = {isa = PBXFileReference; lastKnownFileType = text.plist.xml; path = Info.plist; sourceTree = "<group>"; };
		4497F6C4269E517E000A7232 /* Action.js */ = {isa = PBXFileReference; lastKnownFileType = sourcecode.javascript; path = Action.js; sourceTree = "<group>"; };
/* End PBXFileReference section */

/* Begin PBXFrameworksBuildPhase section */
		4497F695269E4B7F000A7232 /* Frameworks */ = {
			isa = PBXFrameworksBuildPhase;
			buildActionMask = 2147483647;
			files = (
			);
			runOnlyForDeploymentPostprocessing = 0;
		};
		4497F6B0269E4CDE000A7232 /* Frameworks */ = {
			isa = PBXFrameworksBuildPhase;
			buildActionMask = 2147483647;
			files = (
			);
			runOnlyForDeploymentPostprocessing = 0;
		};
/* End PBXFrameworksBuildPhase section */

/* Begin PBXGroup section */
		4497F68F269E4B7F000A7232 = {
			isa = PBXGroup;
			children = (
				4497F69A269E4B7F000A7232 /* Project19 */,
				4497F6B4269E4CDE000A7232 /* Extension */,
				4497F699269E4B7F000A7232 /* Products */,
			);
			sourceTree = "<group>";
		};
		4497F699269E4B7F000A7232 /* Products */ = {
			isa = PBXGroup;
			children = (
				4497F698269E4B7F000A7232 /* Project19.app */,
				4497F6B3269E4CDE000A7232 /* Extension.appex */,
			);
			name = Products;
			sourceTree = "<group>";
		};
		4497F69A269E4B7F000A7232 /* Project19 */ = {
			isa = PBXGroup;
			children = (
				4497F69B269E4B7F000A7232 /* AppDelegate.swift */,
				4497F69D269E4B7F000A7232 /* SceneDelegate.swift */,
				4497F69F269E4B7F000A7232 /* ViewController.swift */,
				4497F6A1269E4B7F000A7232 /* Main.storyboard */,
				4497F6A4269E4B80000A7232 /* Assets.xcassets */,
				4497F6A6269E4B80000A7232 /* LaunchScreen.storyboard */,
				4497F6A9269E4B80000A7232 /* Info.plist */,
			);
			path = Project19;
			sourceTree = "<group>";
		};
		4497F6B4269E4CDE000A7232 /* Extension */ = {
			isa = PBXGroup;
			children = (
				4497F6B5269E4CDE000A7232 /* Media.xcassets */,
				4497F6B7269E4CDE000A7232 /* ActionViewController.swift */,
				4497F6B9269E4CDE000A7232 /* MainInterface.storyboard */,
				44641B9426A0F9D000577675 /* TableViewController.swift */,
				4497F6BC269E4CDE000A7232 /* Info.plist */,
				4497F6C4269E517E000A7232 /* Action.js */,
			);
			path = Extension;
			sourceTree = "<group>";
		};
/* End PBXGroup section */

/* Begin PBXNativeTarget section */
		4497F697269E4B7F000A7232 /* Project19 */ = {
			isa = PBXNativeTarget;
			buildConfigurationList = 4497F6AC269E4B80000A7232 /* Build configuration list for PBXNativeTarget "Project19" */;
			buildPhases = (
				4497F694269E4B7F000A7232 /* Sources */,
				4497F695269E4B7F000A7232 /* Frameworks */,
				4497F696269E4B7F000A7232 /* Resources */,
				4497F6C3269E4CDE000A7232 /* Embed App Extensions */,
			);
			buildRules = (
			);
			dependencies = (
				4497F6BE269E4CDE000A7232 /* PBXTargetDependency */,
			);
			name = Project19;
			productName = Project19;
			productReference = 4497F698269E4B7F000A7232 /* Project19.app */;
			productType = "com.apple.product-type.application";
		};
		4497F6B2269E4CDE000A7232 /* Extension */ = {
			isa = PBXNativeTarget;
			buildConfigurationList = 4497F6C0269E4CDE000A7232 /* Build configuration list for PBXNativeTarget "Extension" */;
			buildPhases = (
				4497F6AF269E4CDE000A7232 /* Sources */,
				4497F6B0269E4CDE000A7232 /* Frameworks */,
				4497F6B1269E4CDE000A7232 /* Resources */,
			);
			buildRules = (
			);
			dependencies = (
			);
			name = Extension;
			productName = Extension;
			productReference = 4497F6B3269E4CDE000A7232 /* Extension.appex */;
			productType = "com.apple.product-type.app-extension";
		};
/* End PBXNativeTarget section */

/* Begin PBXProject section */
		4497F690269E4B7F000A7232 /* Project object */ = {
			isa = PBXProject;
			attributes = {
				LastSwiftUpdateCheck = 1250;
				LastUpgradeCheck = 1250;
				TargetAttributes = {
					4497F697269E4B7F000A7232 = {
						CreatedOnToolsVersion = 12.5.1;
					};
					4497F6B2269E4CDE000A7232 = {
						CreatedOnToolsVersion = 12.5.1;
					};
				};
			};
			buildConfigurationList = 4497F693269E4B7F000A7232 /* Build configuration list for PBXProject "Project19" */;
			compatibilityVersion = "Xcode 9.3";
			developmentRegion = en;
			hasScannedForEncodings = 0;
			knownRegions = (
				en,
				Base,
			);
			mainGroup = 4497F68F269E4B7F000A7232;
			productRefGroup = 4497F699269E4B7F000A7232 /* Products */;
			projectDirPath = "";
			projectRoot = "";
			targets = (
				4497F697269E4B7F000A7232 /* Project19 */,
				4497F6B2269E4CDE000A7232 /* Extension */,
			);
		};
/* End PBXProject section */

/* Begin PBXResourcesBuildPhase section */
		4497F696269E4B7F000A7232 /* Resources */ = {
			isa = PBXResourcesBuildPhase;
			buildActionMask = 2147483647;
			files = (
				4497F6A8269E4B80000A7232 /* LaunchScreen.storyboard in Resources */,
				4497F6A5269E4B80000A7232 /* Assets.xcassets in Resources */,
				4497F6A3269E4B7F000A7232 /* Main.storyboard in Resources */,
			);
			runOnlyForDeploymentPostprocessing = 0;
		};
		4497F6B1269E4CDE000A7232 /* Resources */ = {
			isa = PBXResourcesBuildPhase;
			buildActionMask = 2147483647;
			files = (
				4497F6C5269E517E000A7232 /* Action.js in Resources */,
				4497F6B6269E4CDE000A7232 /* Media.xcassets in Resources */,
				4497F6BB269E4CDE000A7232 /* MainInterface.storyboard in Resources */,
			);
			runOnlyForDeploymentPostprocessing = 0;
		};
/* End PBXResourcesBuildPhase section */

/* Begin PBXSourcesBuildPhase section */
		4497F694269E4B7F000A7232 /* Sources */ = {
			isa = PBXSourcesBuildPhase;
			buildActionMask = 2147483647;
			files = (
				4497F6A0269E4B7F000A7232 /* ViewController.swift in Sources */,
				4497F69C269E4B7F000A7232 /* AppDelegate.swift in Sources */,
				4497F69E269E4B7F000A7232 /* SceneDelegate.swift in Sources */,
			);
			runOnlyForDeploymentPostprocessing = 0;
		};
		4497F6AF269E4CDE000A7232 /* Sources */ = {
			isa = PBXSourcesBuildPhase;
			buildActionMask = 2147483647;
			files = (
				4497F6B8269E4CDE000A7232 /* ActionViewController.swift in Sources */,
				44641B9526A0F9D000577675 /* TableViewController.swift in Sources */,
			);
			runOnlyForDeploymentPostprocessing = 0;
		};
/* End PBXSourcesBuildPhase section */

/* Begin PBXTargetDependency section */
		4497F6BE269E4CDE000A7232 /* PBXTargetDependency */ = {
			isa = PBXTargetDependency;
			target = 4497F6B2269E4CDE000A7232 /* Extension */;
			targetProxy = 4497F6BD269E4CDE000A7232 /* PBXContainerItemProxy */;
		};
/* End PBXTargetDependency section */

/* Begin PBXVariantGroup section */
		4497F6A1269E4B7F000A7232 /* Main.storyboard */ = {
			isa = PBXVariantGroup;
			children = (
				4497F6A2269E4B7F000A7232 /* Base */,
			);
			name = Main.storyboard;
			sourceTree = "<group>";
		};
		4497F6A6269E4B80000A7232 /* LaunchScreen.storyboard */ = {
			isa = PBXVariantGroup;
			children = (
				4497F6A7269E4B80000A7232 /* Base */,
			);
			name = LaunchScreen.storyboard;
			sourceTree = "<group>";
		};
		4497F6B9269E4CDE000A7232 /* MainInterface.storyboard */ = {
			isa = PBXVariantGroup;
			children = (
				4497F6BA269E4CDE000A7232 /* Base */,
			);
			name = MainInterface.storyboard;
			sourceTree = "<group>";
		};
/* End PBXVariantGroup section */

/* Begin XCBuildConfiguration section */
		4497F6AA269E4B80000A7232 /* Debug */ = {
			isa = XCBuildConfiguration;
			buildSettings = {
				ALWAYS_SEARCH_USER_PATHS = NO;
				CLANG_ANALYZER_NONNULL = YES;
				CLANG_ANALYZER_NUMBER_OBJECT_CONVERSION = YES_AGGRESSIVE;
				CLANG_CXX_LANGUAGE_STANDARD = "gnu++14";
				CLANG_CXX_LIBRARY = "libc++";
				CLANG_ENABLE_MODULES = YES;
				CLANG_ENABLE_OBJC_ARC = YES;
				CLANG_ENABLE_OBJC_WEAK = YES;
				CLANG_WARN_BLOCK_CAPTURE_AUTORELEASING = YES;
				CLANG_WARN_BOOL_CONVERSION = YES;
				CLANG_WARN_COMMA = YES;
				CLANG_WARN_CONSTANT_CONVERSION = YES;
				CLANG_WARN_DEPRECATED_OBJC_IMPLEMENTATIONS = YES;
				CLANG_WARN_DIRECT_OBJC_ISA_USAGE = YES_ERROR;
				CLANG_WARN_DOCUMENTATION_COMMENTS = YES;
				CLANG_WARN_EMPTY_BODY = YES;
				CLANG_WARN_ENUM_CONVERSION = YES;
				CLANG_WARN_INFINITE_RECURSION = YES;
				CLANG_WARN_INT_CONVERSION = YES;
				CLANG_WARN_NON_LITERAL_NULL_CONVERSION = YES;
				CLANG_WARN_OBJC_IMPLICIT_RETAIN_SELF = YES;
				CLANG_WARN_OBJC_LITERAL_CONVERSION = YES;
				CLANG_WARN_OBJC_ROOT_CLASS = YES_ERROR;
				CLANG_WARN_QUOTED_INCLUDE_IN_FRAMEWORK_HEADER = YES;
				CLANG_WARN_RANGE_LOOP_ANALYSIS = YES;
				CLANG_WARN_STRICT_PROTOTYPES = YES;
				CLANG_WARN_SUSPICIOUS_MOVE = YES;
				CLANG_WARN_UNGUARDED_AVAILABILITY = YES_AGGRESSIVE;
				CLANG_WARN_UNREACHABLE_CODE = YES;
				CLANG_WARN__DUPLICATE_METHOD_MATCH = YES;
				COPY_PHASE_STRIP = NO;
				DEBUG_INFORMATION_FORMAT = dwarf;
				ENABLE_STRICT_OBJC_MSGSEND = YES;
				ENABLE_TESTABILITY = YES;
				GCC_C_LANGUAGE_STANDARD = gnu11;
				GCC_DYNAMIC_NO_PIC = NO;
				GCC_NO_COMMON_BLOCKS = YES;
				GCC_OPTIMIZATION_LEVEL = 0;
				GCC_PREPROCESSOR_DEFINITIONS = (
					"DEBUG=1",
					"$(inherited)",
				);
				GCC_WARN_64_TO_32_BIT_CONVERSION = YES;
				GCC_WARN_ABOUT_RETURN_TYPE = YES_ERROR;
				GCC_WARN_UNDECLARED_SELECTOR = YES;
				GCC_WARN_UNINITIALIZED_AUTOS = YES_AGGRESSIVE;
				GCC_WARN_UNUSED_FUNCTION = YES;
				GCC_WARN_UNUSED_VARIABLE = YES;
				IPHONEOS_DEPLOYMENT_TARGET = 14.5;
				MTL_ENABLE_DEBUG_INFO = INCLUDE_SOURCE;
				MTL_FAST_MATH = YES;
				ONLY_ACTIVE_ARCH = YES;
				SDKROOT = iphoneos;
				SWIFT_ACTIVE_COMPILATION_CONDITIONS = DEBUG;
				SWIFT_OPTIMIZATION_LEVEL = "-Onone";
			};
			name = Debug;
		};
		4497F6AB269E4B80000A7232 /* Release */ = {
			isa = XCBuildConfiguration;
			buildSettings = {
				ALWAYS_SEARCH_USER_PATHS = NO;
				CLANG_ANALYZER_NONNULL = YES;
				CLANG_ANALYZER_NUMBER_OBJECT_CONVERSION = YES_AGGRESSIVE;
				CLANG_CXX_LANGUAGE_STANDARD = "gnu++14";
				CLANG_CXX_LIBRARY = "libc++";
				CLANG_ENABLE_MODULES = YES;
				CLANG_ENABLE_OBJC_ARC = YES;
				CLANG_ENABLE_OBJC_WEAK = YES;
				CLANG_WARN_BLOCK_CAPTURE_AUTORELEASING = YES;
				CLANG_WARN_BOOL_CONVERSION = YES;
				CLANG_WARN_COMMA = YES;
				CLANG_WARN_CONSTANT_CONVERSION = YES;
				CLANG_WARN_DEPRECATED_OBJC_IMPLEMENTATIONS = YES;
				CLANG_WARN_DIRECT_OBJC_ISA_USAGE = YES_ERROR;
				CLANG_WARN_DOCUMENTATION_COMMENTS = YES;
				CLANG_WARN_EMPTY_BODY = YES;
				CLANG_WARN_ENUM_CONVERSION = YES;
				CLANG_WARN_INFINITE_RECURSION = YES;
				CLANG_WARN_INT_CONVERSION = YES;
				CLANG_WARN_NON_LITERAL_NULL_CONVERSION = YES;
				CLANG_WARN_OBJC_IMPLICIT_RETAIN_SELF = YES;
				CLANG_WARN_OBJC_LITERAL_CONVERSION = YES;
				CLANG_WARN_OBJC_ROOT_CLASS = YES_ERROR;
				CLANG_WARN_QUOTED_INCLUDE_IN_FRAMEWORK_HEADER = YES;
				CLANG_WARN_RANGE_LOOP_ANALYSIS = YES;
				CLANG_WARN_STRICT_PROTOTYPES = YES;
				CLANG_WARN_SUSPICIOUS_MOVE = YES;
				CLANG_WARN_UNGUARDED_AVAILABILITY = YES_AGGRESSIVE;
				CLANG_WARN_UNREACHABLE_CODE = YES;
				CLANG_WARN__DUPLICATE_METHOD_MATCH = YES;
				COPY_PHASE_STRIP = NO;
				DEBUG_INFORMATION_FORMAT = "dwarf-with-dsym";
				ENABLE_NS_ASSERTIONS = NO;
				ENABLE_STRICT_OBJC_MSGSEND = YES;
				GCC_C_LANGUAGE_STANDARD = gnu11;
				GCC_NO_COMMON_BLOCKS = YES;
				GCC_WARN_64_TO_32_BIT_CONVERSION = YES;
				GCC_WARN_ABOUT_RETURN_TYPE = YES_ERROR;
				GCC_WARN_UNDECLARED_SELECTOR = YES;
				GCC_WARN_UNINITIALIZED_AUTOS = YES_AGGRESSIVE;
				GCC_WARN_UNUSED_FUNCTION = YES;
				GCC_WARN_UNUSED_VARIABLE = YES;
				IPHONEOS_DEPLOYMENT_TARGET = 14.5;
				MTL_ENABLE_DEBUG_INFO = NO;
				MTL_FAST_MATH = YES;
				SDKROOT = iphoneos;
				SWIFT_COMPILATION_MODE = wholemodule;
				SWIFT_OPTIMIZATION_LEVEL = "-O";
				VALIDATE_PRODUCT = YES;
			};
			name = Release;
		};
		4497F6AD269E4B80000A7232 /* Debug */ = {
			isa = XCBuildConfiguration;
			buildSettings = {
				ALWAYS_EMBED_SWIFT_STANDARD_LIBRARIES = YES;
				ASSETCATALOG_COMPILER_APPICON_NAME = AppIcon;
				ASSETCATALOG_COMPILER_GLOBAL_ACCENT_COLOR_NAME = AccentColor;
				CODE_SIGN_STYLE = Automatic;
				DEVELOPMENT_TEAM = CHK25YBYJC;
				INFOPLIST_FILE = Project19/Info.plist;
				LD_RUNPATH_SEARCH_PATHS = (
					"$(inherited)",
					"@executable_path/Frameworks",
				);
				PRODUCT_BUNDLE_IDENTIFIER = JRG79.Project19;
				PRODUCT_NAME = "$(TARGET_NAME)";
				SWIFT_VERSION = 5.0;
				TARGETED_DEVICE_FAMILY = "1,2";
			};
			name = Debug;
		};
		4497F6AE269E4B80000A7232 /* Release */ = {
			isa = XCBuildConfiguration;
			buildSettings = {
				ALWAYS_EMBED_SWIFT_STANDARD_LIBRARIES = YES;
				ASSETCATALOG_COMPILER_APPICON_NAME = AppIcon;
				ASSETCATALOG_COMPILER_GLOBAL_ACCENT_COLOR_NAME = AccentColor;
				CODE_SIGN_STYLE = Automatic;
				DEVELOPMENT_TEAM = CHK25YBYJC;
				INFOPLIST_FILE = Project19/Info.plist;
				LD_RUNPATH_SEARCH_PATHS = (
					"$(inherited)",
					"@executable_path/Frameworks",
				);
				PRODUCT_BUNDLE_IDENTIFIER = JRG79.Project19;
				PRODUCT_NAME = "$(TARGET_NAME)";
				SWIFT_VERSION = 5.0;
				TARGETED_DEVICE_FAMILY = "1,2";
			};
			name = Release;
		};
		4497F6C1269E4CDE000A7232 /* Debug */ = {
			isa = XCBuildConfiguration;
			buildSettings = {
				CODE_SIGN_STYLE = Automatic;
				DEVELOPMENT_TEAM = CHK25YBYJC;
				INFOPLIST_FILE = Extension/Info.plist;
				LD_RUNPATH_SEARCH_PATHS = (
					"$(inherited)",
					"@executable_path/Frameworks",
					"@executable_path/../../Frameworks",
				);
				PRODUCT_BUNDLE_IDENTIFIER = JRG79.Project19.Extension;
				PRODUCT_NAME = "$(TARGET_NAME)";
				SKIP_INSTALL = YES;
				SWIFT_VERSION = 5.0;
				TARGETED_DEVICE_FAMILY = "1,2";
			};
			name = Debug;
		};
		4497F6C2269E4CDE000A7232 /* Release */ = {
			isa = XCBuildConfiguration;
			buildSettings = {
				CODE_SIGN_STYLE = Automatic;
				DEVELOPMENT_TEAM = CHK25YBYJC;
				INFOPLIST_FILE = Extension/Info.plist;
				LD_RUNPATH_SEARCH_PATHS = (
					"$(inherited)",
					"@executable_path/Frameworks",
					"@executable_path/../../Frameworks",
				);
				PRODUCT_BUNDLE_IDENTIFIER = JRG79.Project19.Extension;
				PRODUCT_NAME = "$(TARGET_NAME)";
				SKIP_INSTALL = YES;
				SWIFT_VERSION = 5.0;
				TARGETED_DEVICE_FAMILY = "1,2";
			};
			name = Release;
		};
/* End XCBuildConfiguration section */

/* Begin XCConfigurationList section */
		4497F693269E4B7F000A7232 /* Build configuration list for PBXProject "Project19" */ = {
			isa = XCConfigurationList;
			buildConfigurations = (
				4497F6AA269E4B80000A7232 /* Debug */,
				4497F6AB269E4B80000A7232 /* Release */,
			);
			defaultConfigurationIsVisible = 0;
			defaultConfigurationName = Release;
		};
		4497F6AC269E4B80000A7232 /* Build configuration list for PBXNativeTarget "Project19" */ = {
			isa = XCConfigurationList;
			buildConfigurations = (
				4497F6AD269E4B80000A7232 /* Debug */,
				4497F6AE269E4B80000A7232 /* Release */,
			);
			defaultConfigurationIsVisible = 0;
			defaultConfigurationName = Release;
		};
		4497F6C0269E4CDE000A7232 /* Build configuration list for PBXNativeTarget "Extension" */ = {
			isa = XCConfigurationList;
			buildConfigurations = (
				4497F6C1269E4CDE000A7232 /* Debug */,
				4497F6C2269E4CDE000A7232 /* Release */,
			);
			defaultConfigurationIsVisible = 0;
			defaultConfigurationName = Release;
		};
/* End XCConfigurationList section */
	};
	rootObject = 4497F690269E4B7F000A7232 /* Project object */;
}
