// !$*UTF8*$!
{
	archiveVersion = 1;
	classes = {
	};
	objectVersion = 50;
	objects = {

/* Begin PBXBuildFile section */
		44FB8A152672D1C500F823AC /* AppDelegate.swift in Sources */ = {isa = PBXBuildFile; fileRef = 44FB8A142672D1C500F823AC /* AppDelegate.swift */; };
		44FB8A172672D1C500F823AC /* SceneDelegate.swift in Sources */ = {isa = PBXBuildFile; fileRef = 44FB8A162672D1C500F823AC /* SceneDelegate.swift */; };
		44FB8A1E2672D1C600F823AC /* Assets.xcassets in Resources */ = {isa = PBXBuildFile; fileRef = 44FB8A1D2672D1C600F823AC /* Assets.xcassets */; };
		44FB8A212672D1C600F823AC /* LaunchScreen.storyboard in Resources */ = {isa = PBXBuildFile; fileRef = 44FB8A1F2672D1C600F823AC /* LaunchScreen.storyboard */; };
		44FB8A292672D20C00F823AC /* ViewController.swift in Sources */ = {isa = PBXBuildFile; fileRef = 44FB8A282672D20C00F823AC /* ViewController.swift */; };
		44FB8A2B2672D21A00F823AC /* Person.swift in Sources */ = {isa = PBXBuildFile; fileRef = 44FB8A2A2672D21A00F823AC /* Person.swift */; };
		44FB8A2D2672D22300F823AC /* PersonalCell.swift in Sources */ = {isa = PBXBuildFile; fileRef = 44FB8A2C2672D22300F823AC /* PersonalCell.swift */; };
		44FB8A2F2672D22D00F823AC /* Main.storyboard in Resources */ = {isa = PBXBuildFile; fileRef = 44FB8A2E2672D22D00F823AC /* Main.storyboard */; };
/* End PBXBuildFile section */

/* Begin PBXFileReference section */
		44FB8A112672D1C500F823AC /* Project12a.app */ = {isa = PBXFileReference; explicitFileType = wrapper.application; includeInIndex = 0; path = Project12a.app; sourceTree = BUILT_PRODUCTS_DIR; };
		44FB8A142672D1C500F823AC /* AppDelegate.swift */ = {isa = PBXFileReference; lastKnownFileType = sourcecode.swift; path = AppDelegate.swift; sourceTree = "<group>"; };
		44FB8A162672D1C500F823AC /* SceneDelegate.swift */ = {isa = PBXFileReference; lastKnownFileType = sourcecode.swift; path = SceneDelegate.swift; sourceTree = "<group>"; };
		44FB8A1D2672D1C600F823AC /* Assets.xcassets */ = {isa = PBXFileReference; lastKnownFileType = folder.assetcatalog; path = Assets.xcassets; sourceTree = "<group>"; };
		44FB8A202672D1C600F823AC /* Base */ = {isa = PBXFileReference; lastKnownFileType = file.storyboard; name = Base; path = Base.lproj/LaunchScreen.storyboard; sourceTree = "<group>"; };
		44FB8A222672D1C600F823AC /* Info.plist */ = {isa = PBXFileReference; lastKnownFileType = text.plist.xml; path = Info.plist; sourceTree = "<group>"; };
		44FB8A282672D20C00F823AC /* ViewController.swift */ = {isa = PBXFileReference; fileEncoding = 4; lastKnownFileType = sourcecode.swift; path = ViewController.swift; sourceTree = "<group>"; };
		44FB8A2A2672D21A00F823AC /* Person.swift */ = {isa = PBXFileReference; fileEncoding = 4; lastKnownFileType = sourcecode.swift; path = Person.swift; sourceTree = "<group>"; };
		44FB8A2C2672D22300F823AC /* PersonalCell.swift */ = {isa = PBXFileReference; fileEncoding = 4; lastKnownFileType = sourcecode.swift; path = PersonalCell.swift; sourceTree = "<group>"; };
		44FB8A2E2672D22D00F823AC /* Main.storyboard */ = {isa = PBXFileReference; fileEncoding = 4; lastKnownFileType = file.storyboard; path = Main.storyboard; sourceTree = "<group>"; };
/* End PBXFileReference section */

/* Begin PBXFrameworksBuildPhase section */
		44FB8A0E2672D1C500F823AC /* Frameworks */ = {
			isa = PBXFrameworksBuildPhase;
			buildActionMask = 2147483647;
			files = (
			);
			runOnlyForDeploymentPostprocessing = 0;
		};
/* End PBXFrameworksBuildPhase section */

/* Begin PBXGroup section */
		44FB8A082672D1C500F823AC = {
			isa = PBXGroup;
			children = (
				44FB8A132672D1C500F823AC /* Project12a */,
				44FB8A122672D1C500F823AC /* Products */,
			);
			sourceTree = "<group>";
		};
		44FB8A122672D1C500F823AC /* Products */ = {
			isa = PBXGroup;
			children = (
				44FB8A112672D1C500F823AC /* Project12a.app */,
			);
			name = Products;
			sourceTree = "<group>";
		};
		44FB8A132672D1C500F823AC /* Project12a */ = {
			isa = PBXGroup;
			children = (
				44FB8A142672D1C500F823AC /* AppDelegate.swift */,
				44FB8A162672D1C500F823AC /* SceneDelegate.swift */,
				44FB8A282672D20C00F823AC /* ViewController.swift */,
				44FB8A2A2672D21A00F823AC /* Person.swift */,
				44FB8A2C2672D22300F823AC /* PersonalCell.swift */,
				44FB8A2E2672D22D00F823AC /* Main.storyboard */,
				44FB8A1D2672D1C600F823AC /* Assets.xcassets */,
				44FB8A1F2672D1C600F823AC /* LaunchScreen.storyboard */,
				44FB8A222672D1C600F823AC /* Info.plist */,
			);
			path = Project12a;
			sourceTree = "<group>";
		};
/* End PBXGroup section */

/* Begin PBXNativeTarget section */
		44FB8A102672D1C500F823AC /* Project12a */ = {
			isa = PBXNativeTarget;
			buildConfigurationList = 44FB8A252672D1C600F823AC /* Build configuration list for PBXNativeTarget "Project12a" */;
			buildPhases = (
				44FB8A0D2672D1C500F823AC /* Sources */,
				44FB8A0E2672D1C500F823AC /* Frameworks */,
				44FB8A0F2672D1C500F823AC /* Resources */,
			);
			buildRules = (
			);
			dependencies = (
			);
			name = Project12a;
			productName = Project12a;
			productReference = 44FB8A112672D1C500F823AC /* Project12a.app */;
			productType = "com.apple.product-type.application";
		};
/* End PBXNativeTarget section */

/* Begin PBXProject section */
		44FB8A092672D1C500F823AC /* Project object */ = {
			isa = PBXProject;
			attributes = {
				LastSwiftUpdateCheck = 1250;
				LastUpgradeCheck = 1250;
				TargetAttributes = {
					44FB8A102672D1C500F823AC = {
						CreatedOnToolsVersion = 12.5;
					};
				};
			};
			buildConfigurationList = 44FB8A0C2672D1C500F823AC /* Build configuration list for PBXProject "Project12a" */;
			compatibilityVersion = "Xcode 9.3";
			developmentRegion = en;
			hasScannedForEncodings = 0;
			knownRegions = (
				en,
				Base,
			);
			mainGroup = 44FB8A082672D1C500F823AC;
			productRefGroup = 44FB8A122672D1C500F823AC /* Products */;
			projectDirPath = "";
			projectRoot = "";
			targets = (
				44FB8A102672D1C500F823AC /* Project12a */,
			);
		};
/* End PBXProject section */

/* Begin PBXResourcesBuildPhase section */
		44FB8A0F2672D1C500F823AC /* Resources */ = {
			isa = PBXResourcesBuildPhase;
			buildActionMask = 2147483647;
			files = (
				44FB8A2F2672D22D00F823AC /* Main.storyboard in Resources */,
				44FB8A212672D1C600F823AC /* LaunchScreen.storyboard in Resources */,
				44FB8A1E2672D1C600F823AC /* Assets.xcassets in Resources */,
			);
			runOnlyForDeploymentPostprocessing = 0;
		};
/* End PBXResourcesBuildPhase section */

/* Begin PBXSourcesBuildPhase section */
		44FB8A0D2672D1C500F823AC /* Sources */ = {
			isa = PBXSourcesBuildPhase;
			buildActionMask = 2147483647;
			files = (
				44FB8A292672D20C00F823AC /* ViewController.swift in Sources */,
				44FB8A2D2672D22300F823AC /* PersonalCell.swift in Sources */,
				44FB8A152672D1C500F823AC /* AppDelegate.swift in Sources */,
				44FB8A2B2672D21A00F823AC /* Person.swift in Sources */,
				44FB8A172672D1C500F823AC /* SceneDelegate.swift in Sources */,
			);
			runOnlyForDeploymentPostprocessing = 0;
		};
/* End PBXSourcesBuildPhase section */

/* Begin PBXVariantGroup section */
		44FB8A1F2672D1C600F823AC /* LaunchScreen.storyboard */ = {
			isa = PBXVariantGroup;
			children = (
				44FB8A202672D1C600F823AC /* Base */,
			);
			name = LaunchScreen.storyboard;
			sourceTree = "<group>";
		};
/* End PBXVariantGroup section */

/* Begin XCBuildConfiguration section */
		44FB8A232672D1C600F823AC /* Debug */ = {
			isa = XCBuildConfiguration;
			buildSettings = {
				ALWAYS_SEARCH_USER_PATHS = NO;
				CLANG_ANALYZER_NONNULL = YES;
				CLANG_ANALYZER_NUMBER_OBJECT_CONVERSION = YES_AGGRESSIVE;
				CLANG_CXX_LANGUAGE_STANDARD = "gnu++14";
				CLANG_CXX_LIBRARY = "libc++";
				CLANG_ENABLE_MODULES = YES;
				CLANG_ENABLE_OBJC_ARC = YES;
				CLANG_ENABLE_OBJC_WEAK = YES;
				CLANG_WARN_BLOCK_CAPTURE_AUTORELEASING = YES;
				CLANG_WARN_BOOL_CONVERSION = YES;
				CLANG_WARN_COMMA = YES;
				CLANG_WARN_CONSTANT_CONVERSION = YES;
				CLANG_WARN_DEPRECATED_OBJC_IMPLEMENTATIONS = YES;
				CLANG_WARN_DIRECT_OBJC_ISA_USAGE = YES_ERROR;
				CLANG_WARN_DOCUMENTATION_COMMENTS = YES;
				CLANG_WARN_EMPTY_BODY = YES;
				CLANG_WARN_ENUM_CONVERSION = YES;
				CLANG_WARN_INFINITE_RECURSION = YES;
				CLANG_WARN_INT_CONVERSION = YES;
				CLANG_WARN_NON_LITERAL_NULL_CONVERSION = YES;
				CLANG_WARN_OBJC_IMPLICIT_RETAIN_SELF = YES;
				CLANG_WARN_OBJC_LITERAL_CONVERSION = YES;
				CLANG_WARN_OBJC_ROOT_CLASS = YES_ERROR;
				CLANG_WARN_QUOTED_INCLUDE_IN_FRAMEWORK_HEADER = YES;
				CLANG_WARN_RANGE_LOOP_ANALYSIS = YES;
				CLANG_WARN_STRICT_PROTOTYPES = YES;
				CLANG_WARN_SUSPICIOUS_MOVE = YES;
				CLANG_WARN_UNGUARDED_AVAILABILITY = YES_AGGRESSIVE;
				CLANG_WARN_UNREACHABLE_CODE = YES;
				CLANG_WARN__DUPLICATE_METHOD_MATCH = YES;
				COPY_PHASE_STRIP = NO;
				DEBUG_INFORMATION_FORMAT = dwarf;
				ENABLE_STRICT_OBJC_MSGSEND = YES;
				ENABLE_TESTABILITY = YES;
				GCC_C_LANGUAGE_STANDARD = gnu11;
				GCC_DYNAMIC_NO_PIC = NO;
				GCC_NO_COMMON_BLOCKS = YES;
				GCC_OPTIMIZATION_LEVEL = 0;
				GCC_PREPROCESSOR_DEFINITIONS = (
					"DEBUG=1",
					"$(inherited)",
				);
				GCC_WARN_64_TO_32_BIT_CONVERSION = YES;
				GCC_WARN_ABOUT_RETURN_TYPE = YES_ERROR;
				GCC_WARN_UNDECLARED_SELECTOR = YES;
				GCC_WARN_UNINITIALIZED_AUTOS = YES_AGGRESSIVE;
				GCC_WARN_UNUSED_FUNCTION = YES;
				GCC_WARN_UNUSED_VARIABLE = YES;
				IPHONEOS_DEPLOYMENT_TARGET = 14.5;
				MTL_ENABLE_DEBUG_INFO = INCLUDE_SOURCE;
				MTL_FAST_MATH = YES;
				ONLY_ACTIVE_ARCH = YES;
				SDKROOT = iphoneos;
				SWIFT_ACTIVE_COMPILATION_CONDITIONS = DEBUG;
				SWIFT_OPTIMIZATION_LEVEL = "-Onone";
			};
			name = Debug;
		};
		44FB8A242672D1C600F823AC /* Release */ = {
			isa = XCBuildConfiguration;
			buildSettings = {
				ALWAYS_SEARCH_USER_PATHS = NO;
				CLANG_ANALYZER_NONNULL = YES;
				CLANG_ANALYZER_NUMBER_OBJECT_CONVERSION = YES_AGGRESSIVE;
				CLANG_CXX_LANGUAGE_STANDARD = "gnu++14";
				CLANG_CXX_LIBRARY = "libc++";
				CLANG_ENABLE_MODULES = YES;
				CLANG_ENABLE_OBJC_ARC = YES;
				CLANG_ENABLE_OBJC_WEAK = YES;
				CLANG_WARN_BLOCK_CAPTURE_AUTORELEASING = YES;
				CLANG_WARN_BOOL_CONVERSION = YES;
				CLANG_WARN_COMMA = YES;
				CLANG_WARN_CONSTANT_CONVERSION = YES;
				CLANG_WARN_DEPRECATED_OBJC_IMPLEMENTATIONS = YES;
				CLANG_WARN_DIRECT_OBJC_ISA_USAGE = YES_ERROR;
				CLANG_WARN_DOCUMENTATION_COMMENTS = YES;
				CLANG_WARN_EMPTY_BODY = YES;
				CLANG_WARN_ENUM_CONVERSION = YES;
				CLANG_WARN_INFINITE_RECURSION = YES;
				CLANG_WARN_INT_CONVERSION = YES;
				CLANG_WARN_NON_LITERAL_NULL_CONVERSION = YES;
				CLANG_WARN_OBJC_IMPLICIT_RETAIN_SELF = YES;
				CLANG_WARN_OBJC_LITERAL_CONVERSION = YES;
				CLANG_WARN_OBJC_ROOT_CLASS = YES_ERROR;
				CLANG_WARN_QUOTED_INCLUDE_IN_FRAMEWORK_HEADER = YES;
				CLANG_WARN_RANGE_LOOP_ANALYSIS = YES;
				CLANG_WARN_STRICT_PROTOTYPES = YES;
				CLANG_WARN_SUSPICIOUS_MOVE = YES;
				CLANG_WARN_UNGUARDED_AVAILABILITY = YES_AGGRESSIVE;
				CLANG_WARN_UNREACHABLE_CODE = YES;
				CLANG_WARN__DUPLICATE_METHOD_MATCH = YES;
				COPY_PHASE_STRIP = NO;
				DEBUG_INFORMATION_FORMAT = "dwarf-with-dsym";
				ENABLE_NS_ASSERTIONS = NO;
				ENABLE_STRICT_OBJC_MSGSEND = YES;
				GCC_C_LANGUAGE_STANDARD = gnu11;
				GCC_NO_COMMON_BLOCKS = YES;
				GCC_WARN_64_TO_32_BIT_CONVERSION = YES;
				GCC_WARN_ABOUT_RETURN_TYPE = YES_ERROR;
				GCC_WARN_UNDECLARED_SELECTOR = YES;
				GCC_WARN_UNINITIALIZED_AUTOS = YES_AGGRESSIVE;
				GCC_WARN_UNUSED_FUNCTION = YES;
				GCC_WARN_UNUSED_VARIABLE = YES;
				IPHONEOS_DEPLOYMENT_TARGET = 14.5;
				MTL_ENABLE_DEBUG_INFO = NO;
				MTL_FAST_MATH = YES;
				SDKROOT = iphoneos;
				SWIFT_COMPILATION_MODE = wholemodule;
				SWIFT_OPTIMIZATION_LEVEL = "-O";
				VALIDATE_PRODUCT = YES;
			};
			name = Release;
		};
		44FB8A262672D1C600F823AC /* Debug */ = {
			isa = XCBuildConfiguration;
			buildSettings = {
				ASSETCATALOG_COMPILER_APPICON_NAME = AppIcon;
				ASSETCATALOG_COMPILER_GLOBAL_ACCENT_COLOR_NAME = AccentColor;
				CODE_SIGN_STYLE = Automatic;
				DEVELOPMENT_TEAM = CHK25YBYJC;
				INFOPLIST_FILE = Project12a/Info.plist;
				LD_RUNPATH_SEARCH_PATHS = (
					"$(inherited)",
					"@executable_path/Frameworks",
				);
				PRODUCT_BUNDLE_IDENTIFIER = JRG79.Project12a;
				PRODUCT_NAME = "$(TARGET_NAME)";
				SWIFT_VERSION = 5.0;
				TARGETED_DEVICE_FAMILY = "1,2";
			};
			name = Debug;
		};
		44FB8A272672D1C600F823AC /* Release */ = {
			isa = XCBuildConfiguration;
			buildSettings = {
				ASSETCATALOG_COMPILER_APPICON_NAME = AppIcon;
				ASSETCATALOG_COMPILER_GLOBAL_ACCENT_COLOR_NAME = AccentColor;
				CODE_SIGN_STYLE = Automatic;
				DEVELOPMENT_TEAM = CHK25YBYJC;
				INFOPLIST_FILE = Project12a/Info.plist;
				LD_RUNPATH_SEARCH_PATHS = (
					"$(inherited)",
					"@executable_path/Frameworks",
				);
				PRODUCT_BUNDLE_IDENTIFIER = JRG79.Project12a;
				PRODUCT_NAME = "$(TARGET_NAME)";
				SWIFT_VERSION = 5.0;
				TARGETED_DEVICE_FAMILY = "1,2";
			};
			name = Release;
		};
/* End XCBuildConfiguration section */

/* Begin XCConfigurationList section */
		44FB8A0C2672D1C500F823AC /* Build configuration list for PBXProject "Project12a" */ = {
			isa = XCConfigurationList;
			buildConfigurations = (
				44FB8A232672D1C600F823AC /* Debug */,
				44FB8A242672D1C600F823AC /* Release */,
			);
			defaultConfigurationIsVisible = 0;
			defaultConfigurationName = Release;
		};
		44FB8A252672D1C600F823AC /* Build configuration list for PBXNativeTarget "Project12a" */ = {
			isa = XCConfigurationList;
			buildConfigurations = (
				44FB8A262672D1C600F823AC /* Debug */,
				44FB8A272672D1C600F823AC /* Release */,
			);
			defaultConfigurationIsVisible = 0;
			defaultConfigurationName = Release;
		};
/* End XCConfigurationList section */
	};
	rootObject = 44FB8A092672D1C500F823AC /* Project object */;
}
