// !$*UTF8*$!
{
	archiveVersion = 1;
	classes = {
	};
	objectVersion = 50;
	objects = {

/* Begin PBXBuildFile section */
		440C8DCF26795E7F00DB751C /* AppDelegate.swift in Sources */ = {isa = PBXBuildFile; fileRef = 440C8DCE26795E7F00DB751C /* AppDelegate.swift */; };
		440C8DD126795E7F00DB751C /* SceneDelegate.swift in Sources */ = {isa = PBXBuildFile; fileRef = 440C8DD026795E7F00DB751C /* SceneDelegate.swift */; };
		440C8DD326795E7F00DB751C /* ViewController.swift in Sources */ = {isa = PBXBuildFile; fileRef = 440C8DD226795E7F00DB751C /* ViewController.swift */; };
		440C8DD626795E7F00DB751C /* Main.storyboard in Resources */ = {isa = PBXBuildFile; fileRef = 440C8DD426795E7F00DB751C /* Main.storyboard */; };
		440C8DD826795E8000DB751C /* Assets.xcassets in Resources */ = {isa = PBXBuildFile; fileRef = 440C8DD726795E8000DB751C /* Assets.xcassets */; };
		440C8DDB26795E8000DB751C /* LaunchScreen.storyboard in Resources */ = {isa = PBXBuildFile; fileRef = 440C8DD926795E8000DB751C /* LaunchScreen.storyboard */; };
		440C8DE3267963B400DB751C /* MyImage.swift in Sources */ = {isa = PBXBuildFile; fileRef = 440C8DE2267963B400DB751C /* MyImage.swift */; };
		440C8DE526796FBA00DB751C /* DetailViewController.swift in Sources */ = {isa = PBXBuildFile; fileRef = 440C8DE426796FBA00DB751C /* DetailViewController.swift */; };
/* End PBXBuildFile section */

/* Begin PBXFileReference section */
		440C8DCB26795E7F00DB751C /* Milestone10-12.app */ = {isa = PBXFileReference; explicitFileType = wrapper.application; includeInIndex = 0; path = "Milestone10-12.app"; sourceTree = BUILT_PRODUCTS_DIR; };
		440C8DCE26795E7F00DB751C /* AppDelegate.swift */ = {isa = PBXFileReference; lastKnownFileType = sourcecode.swift; path = AppDelegate.swift; sourceTree = "<group>"; };
		440C8DD026795E7F00DB751C /* SceneDelegate.swift */ = {isa = PBXFileReference; lastKnownFileType = sourcecode.swift; path = SceneDelegate.swift; sourceTree = "<group>"; };
		440C8DD226795E7F00DB751C /* ViewController.swift */ = {isa = PBXFileReference; lastKnownFileType = sourcecode.swift; path = ViewController.swift; sourceTree = "<group>"; };
		440C8DD526795E7F00DB751C /* Base */ = {isa = PBXFileReference; lastKnownFileType = file.storyboard; name = Base; path = Base.lproj/Main.storyboard; sourceTree = "<group>"; };
		440C8DD726795E8000DB751C /* Assets.xcassets */ = {isa = PBXFileReference; lastKnownFileType = folder.assetcatalog; path = Assets.xcassets; sourceTree = "<group>"; };
		440C8DDA26795E8000DB751C /* Base */ = {isa = PBXFileReference; lastKnownFileType = file.storyboard; name = Base; path = Base.lproj/LaunchScreen.storyboard; sourceTree = "<group>"; };
		440C8DDC26795E8000DB751C /* Info.plist */ = {isa = PBXFileReference; lastKnownFileType = text.plist.xml; path = Info.plist; sourceTree = "<group>"; };
		440C8DE2267963B400DB751C /* MyImage.swift */ = {isa = PBXFileReference; lastKnownFileType = sourcecode.swift; path = MyImage.swift; sourceTree = "<group>"; };
		440C8DE426796FBA00DB751C /* DetailViewController.swift */ = {isa = PBXFileReference; lastKnownFileType = sourcecode.swift; path = DetailViewController.swift; sourceTree = "<group>"; };
/* End PBXFileReference section */

/* Begin PBXFrameworksBuildPhase section */
		440C8DC826795E7F00DB751C /* Frameworks */ = {
			isa = PBXFrameworksBuildPhase;
			buildActionMask = 2147483647;
			files = (
			);
			runOnlyForDeploymentPostprocessing = 0;
		};
/* End PBXFrameworksBuildPhase section */

/* Begin PBXGroup section */
		440C8DC226795E7F00DB751C = {
			isa = PBXGroup;
			children = (
				440C8DCD26795E7F00DB751C /* Milestone10-12 */,
				440C8DCC26795E7F00DB751C /* Products */,
			);
			sourceTree = "<group>";
		};
		440C8DCC26795E7F00DB751C /* Products */ = {
			isa = PBXGroup;
			children = (
				440C8DCB26795E7F00DB751C /* Milestone10-12.app */,
			);
			name = Products;
			sourceTree = "<group>";
		};
		440C8DCD26795E7F00DB751C /* Milestone10-12 */ = {
			isa = PBXGroup;
			children = (
				440C8DCE26795E7F00DB751C /* AppDelegate.swift */,
				440C8DD026795E7F00DB751C /* SceneDelegate.swift */,
				440C8DD226795E7F00DB751C /* ViewController.swift */,
				440C8DE2267963B400DB751C /* MyImage.swift */,
				440C8DD426795E7F00DB751C /* Main.storyboard */,
				440C8DE426796FBA00DB751C /* DetailViewController.swift */,
				440C8DD726795E8000DB751C /* Assets.xcassets */,
				440C8DD926795E8000DB751C /* LaunchScreen.storyboard */,
				440C8DDC26795E8000DB751C /* Info.plist */,
			);
			path = "Milestone10-12";
			sourceTree = "<group>";
		};
/* End PBXGroup section */

/* Begin PBXNativeTarget section */
		440C8DCA26795E7F00DB751C /* Milestone10-12 */ = {
			isa = PBXNativeTarget;
			buildConfigurationList = 440C8DDF26795E8000DB751C /* Build configuration list for PBXNativeTarget "Milestone10-12" */;
			buildPhases = (
				440C8DC726795E7F00DB751C /* Sources */,
				440C8DC826795E7F00DB751C /* Frameworks */,
				440C8DC926795E7F00DB751C /* Resources */,
			);
			buildRules = (
			);
			dependencies = (
			);
			name = "Milestone10-12";
			productName = "Milestone10-12";
			productReference = 440C8DCB26795E7F00DB751C /* Milestone10-12.app */;
			productType = "com.apple.product-type.application";
		};
/* End PBXNativeTarget section */

/* Begin PBXProject section */
		440C8DC326795E7F00DB751C /* Project object */ = {
			isa = PBXProject;
			attributes = {
				LastSwiftUpdateCheck = 1250;
				LastUpgradeCheck = 1250;
				TargetAttributes = {
					440C8DCA26795E7F00DB751C = {
						CreatedOnToolsVersion = 12.5;
					};
				};
			};
			buildConfigurationList = 440C8DC626795E7F00DB751C /* Build configuration list for PBXProject "Milestone10-12" */;
			compatibilityVersion = "Xcode 9.3";
			developmentRegion = en;
			hasScannedForEncodings = 0;
			knownRegions = (
				en,
				Base,
			);
			mainGroup = 440C8DC226795E7F00DB751C;
			productRefGroup = 440C8DCC26795E7F00DB751C /* Products */;
			projectDirPath = "";
			projectRoot = "";
			targets = (
				440C8DCA26795E7F00DB751C /* Milestone10-12 */,
			);
		};
/* End PBXProject section */

/* Begin PBXResourcesBuildPhase section */
		440C8DC926795E7F00DB751C /* Resources */ = {
			isa = PBXResourcesBuildPhase;
			buildActionMask = 2147483647;
			files = (
				440C8DDB26795E8000DB751C /* LaunchScreen.storyboard in Resources */,
				440C8DD826795E8000DB751C /* Assets.xcassets in Resources */,
				440C8DD626795E7F00DB751C /* Main.storyboard in Resources */,
			);
			runOnlyForDeploymentPostprocessing = 0;
		};
/* End PBXResourcesBuildPhase section */

/* Begin PBXSourcesBuildPhase section */
		440C8DC726795E7F00DB751C /* Sources */ = {
			isa = PBXSourcesBuildPhase;
			buildActionMask = 2147483647;
			files = (
				440C8DD326795E7F00DB751C /* ViewController.swift in Sources */,
				440C8DE3267963B400DB751C /* MyImage.swift in Sources */,
				440C8DE526796FBA00DB751C /* DetailViewController.swift in Sources */,
				440C8DCF26795E7F00DB751C /* AppDelegate.swift in Sources */,
				440C8DD126795E7F00DB751C /* SceneDelegate.swift in Sources */,
			);
			runOnlyForDeploymentPostprocessing = 0;
		};
/* End PBXSourcesBuildPhase section */

/* Begin PBXVariantGroup section */
		440C8DD426795E7F00DB751C /* Main.storyboard */ = {
			isa = PBXVariantGroup;
			children = (
				440C8DD526795E7F00DB751C /* Base */,
			);
			name = Main.storyboard;
			sourceTree = "<group>";
		};
		440C8DD926795E8000DB751C /* LaunchScreen.storyboard */ = {
			isa = PBXVariantGroup;
			children = (
				440C8DDA26795E8000DB751C /* Base */,
			);
			name = LaunchScreen.storyboard;
			sourceTree = "<group>";
		};
/* End PBXVariantGroup section */

/* Begin XCBuildConfiguration section */
		440C8DDD26795E8000DB751C /* Debug */ = {
			isa = XCBuildConfiguration;
			buildSettings = {
				ALWAYS_SEARCH_USER_PATHS = NO;
				CLANG_ANALYZER_NONNULL = YES;
				CLANG_ANALYZER_NUMBER_OBJECT_CONVERSION = YES_AGGRESSIVE;
				CLANG_CXX_LANGUAGE_STANDARD = "gnu++14";
				CLANG_CXX_LIBRARY = "libc++";
				CLANG_ENABLE_MODULES = YES;
				CLANG_ENABLE_OBJC_ARC = YES;
				CLANG_ENABLE_OBJC_WEAK = YES;
				CLANG_WARN_BLOCK_CAPTURE_AUTORELEASING = YES;
				CLANG_WARN_BOOL_CONVERSION = YES;
				CLANG_WARN_COMMA = YES;
				CLANG_WARN_CONSTANT_CONVERSION = YES;
				CLANG_WARN_DEPRECATED_OBJC_IMPLEMENTATIONS = YES;
				CLANG_WARN_DIRECT_OBJC_ISA_USAGE = YES_ERROR;
				CLANG_WARN_DOCUMENTATION_COMMENTS = YES;
				CLANG_WARN_EMPTY_BODY = YES;
				CLANG_WARN_ENUM_CONVERSION = YES;
				CLANG_WARN_INFINITE_RECURSION = YES;
				CLANG_WARN_INT_CONVERSION = YES;
				CLANG_WARN_NON_LITERAL_NULL_CONVERSION = YES;
				CLANG_WARN_OBJC_IMPLICIT_RETAIN_SELF = YES;
				CLANG_WARN_OBJC_LITERAL_CONVERSION = YES;
				CLANG_WARN_OBJC_ROOT_CLASS = YES_ERROR;
				CLANG_WARN_QUOTED_INCLUDE_IN_FRAMEWORK_HEADER = YES;
				CLANG_WARN_RANGE_LOOP_ANALYSIS = YES;
				CLANG_WARN_STRICT_PROTOTYPES = YES;
				CLANG_WARN_SUSPICIOUS_MOVE = YES;
				CLANG_WARN_UNGUARDED_AVAILABILITY = YES_AGGRESSIVE;
				CLANG_WARN_UNREACHABLE_CODE = YES;
				CLANG_WARN__DUPLICATE_METHOD_MATCH = YES;
				COPY_PHASE_STRIP = NO;
				DEBUG_INFORMATION_FORMAT = dwarf;
				ENABLE_STRICT_OBJC_MSGSEND = YES;
				ENABLE_TESTABILITY = YES;
				GCC_C_LANGUAGE_STANDARD = gnu11;
				GCC_DYNAMIC_NO_PIC = NO;
				GCC_NO_COMMON_BLOCKS = YES;
				GCC_OPTIMIZATION_LEVEL = 0;
				GCC_PREPROCESSOR_DEFINITIONS = (
					"DEBUG=1",
					"$(inherited)",
				);
				GCC_WARN_64_TO_32_BIT_CONVERSION = YES;
				GCC_WARN_ABOUT_RETURN_TYPE = YES_ERROR;
				GCC_WARN_UNDECLARED_SELECTOR = YES;
				GCC_WARN_UNINITIALIZED_AUTOS = YES_AGGRESSIVE;
				GCC_WARN_UNUSED_FUNCTION = YES;
				GCC_WARN_UNUSED_VARIABLE = YES;
				IPHONEOS_DEPLOYMENT_TARGET = 14.5;
				MTL_ENABLE_DEBUG_INFO = INCLUDE_SOURCE;
				MTL_FAST_MATH = YES;
				ONLY_ACTIVE_ARCH = YES;
				SDKROOT = iphoneos;
				SWIFT_ACTIVE_COMPILATION_CONDITIONS = DEBUG;
				SWIFT_OPTIMIZATION_LEVEL = "-Onone";
			};
			name = Debug;
		};
		440C8DDE26795E8000DB751C /* Release */ = {
			isa = XCBuildConfiguration;
			buildSettings = {
				ALWAYS_SEARCH_USER_PATHS = NO;
				CLANG_ANALYZER_NONNULL = YES;
				CLANG_ANALYZER_NUMBER_OBJECT_CONVERSION = YES_AGGRESSIVE;
				CLANG_CXX_LANGUAGE_STANDARD = "gnu++14";
				CLANG_CXX_LIBRARY = "libc++";
				CLANG_ENABLE_MODULES = YES;
				CLANG_ENABLE_OBJC_ARC = YES;
				CLANG_ENABLE_OBJC_WEAK = YES;
				CLANG_WARN_BLOCK_CAPTURE_AUTORELEASING = YES;
				CLANG_WARN_BOOL_CONVERSION = YES;
				CLANG_WARN_COMMA = YES;
				CLANG_WARN_CONSTANT_CONVERSION = YES;
				CLANG_WARN_DEPRECATED_OBJC_IMPLEMENTATIONS = YES;
				CLANG_WARN_DIRECT_OBJC_ISA_USAGE = YES_ERROR;
				CLANG_WARN_DOCUMENTATION_COMMENTS = YES;
				CLANG_WARN_EMPTY_BODY = YES;
				CLANG_WARN_ENUM_CONVERSION = YES;
				CLANG_WARN_INFINITE_RECURSION = YES;
				CLANG_WARN_INT_CONVERSION = YES;
				CLANG_WARN_NON_LITERAL_NULL_CONVERSION = YES;
				CLANG_WARN_OBJC_IMPLICIT_RETAIN_SELF = YES;
				CLANG_WARN_OBJC_LITERAL_CONVERSION = YES;
				CLANG_WARN_OBJC_ROOT_CLASS = YES_ERROR;
				CLANG_WARN_QUOTED_INCLUDE_IN_FRAMEWORK_HEADER = YES;
				CLANG_WARN_RANGE_LOOP_ANALYSIS = YES;
				CLANG_WARN_STRICT_PROTOTYPES = YES;
				CLANG_WARN_SUSPICIOUS_MOVE = YES;
				CLANG_WARN_UNGUARDED_AVAILABILITY = YES_AGGRESSIVE;
				CLANG_WARN_UNREACHABLE_CODE = YES;
				CLANG_WARN__DUPLICATE_METHOD_MATCH = YES;
				COPY_PHASE_STRIP = NO;
				DEBUG_INFORMATION_FORMAT = "dwarf-with-dsym";
				ENABLE_NS_ASSERTIONS = NO;
				ENABLE_STRICT_OBJC_MSGSEND = YES;
				GCC_C_LANGUAGE_STANDARD = gnu11;
				GCC_NO_COMMON_BLOCKS = YES;
				GCC_WARN_64_TO_32_BIT_CONVERSION = YES;
				GCC_WARN_ABOUT_RETURN_TYPE = YES_ERROR;
				GCC_WARN_UNDECLARED_SELECTOR = YES;
				GCC_WARN_UNINITIALIZED_AUTOS = YES_AGGRESSIVE;
				GCC_WARN_UNUSED_FUNCTION = YES;
				GCC_WARN_UNUSED_VARIABLE = YES;
				IPHONEOS_DEPLOYMENT_TARGET = 14.5;
				MTL_ENABLE_DEBUG_INFO = NO;
				MTL_FAST_MATH = YES;
				SDKROOT = iphoneos;
				SWIFT_COMPILATION_MODE = wholemodule;
				SWIFT_OPTIMIZATION_LEVEL = "-O";
				VALIDATE_PRODUCT = YES;
			};
			name = Release;
		};
		440C8DE026795E8000DB751C /* Debug */ = {
			isa = XCBuildConfiguration;
			buildSettings = {
				ASSETCATALOG_COMPILER_APPICON_NAME = AppIcon;
				ASSETCATALOG_COMPILER_GLOBAL_ACCENT_COLOR_NAME = AccentColor;
				CODE_SIGN_STYLE = Automatic;
				DEVELOPMENT_TEAM = CHK25YBYJC;
				INFOPLIST_FILE = "Milestone10-12/Info.plist";
				LD_RUNPATH_SEARCH_PATHS = (
					"$(inherited)",
					"@executable_path/Frameworks",
				);
				PRODUCT_BUNDLE_IDENTIFIER = "JRG79.Milestone10-12";
				PRODUCT_NAME = "$(TARGET_NAME)";
				SWIFT_VERSION = 5.0;
				TARGETED_DEVICE_FAMILY = "1,2";
			};
			name = Debug;
		};
		440C8DE126795E8000DB751C /* Release */ = {
			isa = XCBuildConfiguration;
			buildSettings = {
				ASSETCATALOG_COMPILER_APPICON_NAME = AppIcon;
				ASSETCATALOG_COMPILER_GLOBAL_ACCENT_COLOR_NAME = AccentColor;
				CODE_SIGN_STYLE = Automatic;
				DEVELOPMENT_TEAM = CHK25YBYJC;
				INFOPLIST_FILE = "Milestone10-12/Info.plist";
				LD_RUNPATH_SEARCH_PATHS = (
					"$(inherited)",
					"@executable_path/Frameworks",
				);
				PRODUCT_BUNDLE_IDENTIFIER = "JRG79.Milestone10-12";
				PRODUCT_NAME = "$(TARGET_NAME)";
				SWIFT_VERSION = 5.0;
				TARGETED_DEVICE_FAMILY = "1,2";
			};
			name = Release;
		};
/* End XCBuildConfiguration section */

/* Begin XCConfigurationList section */
		440C8DC626795E7F00DB751C /* Build configuration list for PBXProject "Milestone10-12" */ = {
			isa = XCConfigurationList;
			buildConfigurations = (
				440C8DDD26795E8000DB751C /* Debug */,
				440C8DDE26795E8000DB751C /* Release */,
			);
			defaultConfigurationIsVisible = 0;
			defaultConfigurationName = Release;
		};
		440C8DDF26795E8000DB751C /* Build configuration list for PBXNativeTarget "Milestone10-12" */ = {
			isa = XCConfigurationList;
			buildConfigurations = (
				440C8DE026795E8000DB751C /* Debug */,
				440C8DE126795E8000DB751C /* Release */,
			);
			defaultConfigurationIsVisible = 0;
			defaultConfigurationName = Release;
		};
/* End XCConfigurationList section */
	};
	rootObject = 440C8DC326795E7F00DB751C /* Project object */;
}
